
Microsoft Visual Studio Solution File, Format Version 12.00
# Visual Studio Version 17
VisualStudioVersion = 17.4.33213.308
MinimumVisualStudioVersion = 10.0.40219.1
Project("{9A19103F-16F7-4668-BE54-9A1E7A4F7556}") = "Space Invaderz", "Space Invaderz\Space Invaderz.csproj", "{CCE923AF-B2D7-492F-B401-63C2706B0621}"
EndProject
Global
	GlobalSection(SolutionConfigurationPlatforms) = preSolution
		Debug|Any CPU = Debug|Any CPU
		Debug|x64 = Debug|x64
		Release|Any CPU = Release|Any CPU
		Release|x64 = Release|x64
	EndGlobalSection
	GlobalSection(ProjectConfigurationPlatforms) = postSolution
		{CCE923AF-B2D7-492F-B401-63C2706B0621}.Debug|Any CPU.ActiveCfg = Debug|Any CPU
		{CCE923AF-B2D7-492F-B401-63C2706B0621}.Debug|Any CPU.Build.0 = Debug|Any CPU
		{CCE923AF-B2D7-492F-B401-63C2706B0621}.Debug|x64.ActiveCfg = Debug|x64
		{CCE923AF-B2D7-492F-B401-63C2706B0621}.Debug|x64.Build.0 = Debug|x64
		{CCE923AF-B2D7-492F-B401-63C2706B0621}.Release|Any CPU.ActiveCfg = Release|Any CPU
		{CCE923AF-B2D7-492F-B401-63C2706B0621}.Release|Any CPU.Build.0 = Release|Any CPU
		{CCE923AF-B2D7-492F-B401-63C2706B0621}.Release|x64.ActiveCfg = Release|x64
		{CCE923AF-B2D7-492F-B401-63C2706B0621}.Release|x64.Build.0 = Release|x64
	EndGlobalSection
	GlobalSection(SolutionProperties) = preSolution
		HideSolutionNode = FALSE
	EndGlobalSection
	GlobalSection(ExtensibilityGlobals) = postSolution
		SolutionGuid = {A1D38374-CDEA-4C32-AF2F-05E2A24D7110}
	EndGlobalSection
EndGlobal
